
Microsoft Visual Studio Solution File, Format Version 12.00
# Visual Studio Version 16
VisualStudioVersion = 16.0.29509.3
MinimumVisualStudioVersion = 10.0.40219.1
Project("{FAE04EC0-301F-11D3-BF4B-00C04F79EFBC}") = "PrototipoCsharp", "PrototipoCsharp\PrototipoCsharp.csproj", "{927C7CA5-252C-456D-AEAF-1FF8F32BFC65}"
EndProject
Global
	GlobalSection(SolutionConfigurationPlatforms) = preSolution
		Debug|Any CPU = Debug|Any CPU
		Release|Any CPU = Release|Any CPU
	EndGlobalSection
	GlobalSection(ProjectConfigurationPlatforms) = postSolution
		{927C7CA5-252C-456D-AEAF-1FF8F32BFC65}.Debug|Any CPU.ActiveCfg = Debug|Any CPU
		{927C7CA5-252C-456D-AEAF-1FF8F32BFC65}.Debug|Any CPU.Build.0 = Debug|Any CPU
		{927C7CA5-252C-456D-AEAF-1FF8F32BFC65}.Release|Any CPU.ActiveCfg = Release|Any CPU
		{927C7CA5-252C-456D-AEAF-1FF8F32BFC65}.Release|Any CPU.Build.0 = Release|Any CPU
	EndGlobalSection
	GlobalSection(SolutionProperties) = preSolution
		HideSolutionNode = FALSE
	EndGlobalSection
	GlobalSection(ExtensibilityGlobals) = postSolution
		SolutionGuid = {0545BAF0-5898-433D-B3C3-62DA818C4FE4}
	EndGlobalSection
EndGlobal
